
Microsoft Visual Studio Solution File, Format Version 12.00
# Visual Studio Version 17
VisualStudioVersion = 17.7.34221.43
MinimumVisualStudioVersion = 10.0.40219.1
Project("{8BC9CEB8-8B4A-11D0-8D11-00A0C91BC942}") = "C_learning", "C_learning.vcxproj", "{A9A528B8-2021-4653-895A-D51DCD5DE528}"
EndProject
Global
	GlobalSection(SolutionConfigurationPlatforms) = preSolution
		Debug|x64 = Debug|x64
		Debug|x86 = Debug|x86
		Release|x64 = Release|x64
		Release|x86 = Release|x86
	EndGlobalSection
	GlobalSection(ProjectConfigurationPlatforms) = postSolution
		{A9A528B8-2021-4653-895A-D51DCD5DE528}.Debug|x64.ActiveCfg = Debug|x64
		{A9A528B8-2021-4653-895A-D51DCD5DE528}.Debug|x64.Build.0 = Debug|x64
		{A9A528B8-2021-4653-895A-D51DCD5DE528}.Debug|x86.ActiveCfg = Debug|Win32
		{A9A528B8-2021-4653-895A-D51DCD5DE528}.Debug|x86.Build.0 = Debug|Win32
		{A9A528B8-2021-4653-895A-D51DCD5DE528}.Release|x64.ActiveCfg = Release|x64
		{A9A528B8-2021-4653-895A-D51DCD5DE528}.Release|x64.Build.0 = Release|x64
		{A9A528B8-2021-4653-895A-D51DCD5DE528}.Release|x86.ActiveCfg = Release|Win32
		{A9A528B8-2021-4653-895A-D51DCD5DE528}.Release|x86.Build.0 = Release|Win32
	EndGlobalSection
	GlobalSection(SolutionProperties) = preSolution
		HideSolutionNode = FALSE
	EndGlobalSection
	GlobalSection(ExtensibilityGlobals) = postSolution
		SolutionGuid = {64B8CD96-C5AE-4C27-92B7-194C04DE7614}
	EndGlobalSection
EndGlobal
