
Microsoft Visual Studio Solution File, Format Version 12.00
# Visual Studio Version 17
VisualStudioVersion = 17.7.34202.233
MinimumVisualStudioVersion = 10.0.40219.1
Project("{8BC9CEB8-8B4A-11D0-8D11-00A0C91BC942}") = "Project1", "Project1\Project1.vcxproj", "{17333C69-A67A-4237-BB14-6EFC844B6B16}"
EndProject
Global
	GlobalSection(SolutionConfigurationPlatforms) = preSolution
		Debug|x64 = Debug|x64
		Debug|x86 = Debug|x86
		Release|x64 = Release|x64
		Release|x86 = Release|x86
	EndGlobalSection
	GlobalSection(ProjectConfigurationPlatforms) = postSolution
		{17333C69-A67A-4237-BB14-6EFC844B6B16}.Debug|x64.ActiveCfg = Debug|x64
		{17333C69-A67A-4237-BB14-6EFC844B6B16}.Debug|x64.Build.0 = Debug|x64
		{17333C69-A67A-4237-BB14-6EFC844B6B16}.Debug|x86.ActiveCfg = Debug|Win32
		{17333C69-A67A-4237-BB14-6EFC844B6B16}.Debug|x86.Build.0 = Debug|Win32
		{17333C69-A67A-4237-BB14-6EFC844B6B16}.Release|x64.ActiveCfg = Release|x64
		{17333C69-A67A-4237-BB14-6EFC844B6B16}.Release|x64.Build.0 = Release|x64
		{17333C69-A67A-4237-BB14-6EFC844B6B16}.Release|x86.ActiveCfg = Release|Win32
		{17333C69-A67A-4237-BB14-6EFC844B6B16}.Release|x86.Build.0 = Release|Win32
	EndGlobalSection
	GlobalSection(SolutionProperties) = preSolution
		HideSolutionNode = FALSE
	EndGlobalSection
	GlobalSection(ExtensibilityGlobals) = postSolution
		SolutionGuid = {A8AE23EC-636C-4A92-8B40-21F07ABF8CA1}
	EndGlobalSection
EndGlobal
